
Microsoft Visual Studio Solution File, Format Version 12.00
# Visual Studio Version 16
VisualStudioVersion = 16.0.30611.23
MinimumVisualStudioVersion = 10.0.40219.1
Project("{FAE04EC0-301F-11D3-BF4B-00C04F79EFBC}") = "CouponWithoutOCP", "CouponWithoutOCP\CouponWithoutOCP.csproj", "{35187F60-4194-4B57-A636-500927D44248}"
EndProject
Global
	GlobalSection(SolutionConfigurationPlatforms) = preSolution
		Debug|Any CPU = Debug|Any CPU
		Release|Any CPU = Release|Any CPU
	EndGlobalSection
	GlobalSection(ProjectConfigurationPlatforms) = postSolution
		{35187F60-4194-4B57-A636-500927D44248}.Debug|Any CPU.ActiveCfg = Debug|Any CPU
		{35187F60-4194-4B57-A636-500927D44248}.Debug|Any CPU.Build.0 = Debug|Any CPU
		{35187F60-4194-4B57-A636-500927D44248}.Release|Any CPU.ActiveCfg = Release|Any CPU
		{35187F60-4194-4B57-A636-500927D44248}.Release|Any CPU.Build.0 = Release|Any CPU
	EndGlobalSection
	GlobalSection(SolutionProperties) = preSolution
		HideSolutionNode = FALSE
	EndGlobalSection
	GlobalSection(ExtensibilityGlobals) = postSolution
		SolutionGuid = {185E1F3D-9658-44D1-8F2E-D3E64BBADA2D}
	EndGlobalSection
EndGlobal
